
Microsoft Visual Studio Solution File, Format Version 12.00
# Visual Studio Version 17
VisualStudioVersion = 17.1.32414.318
MinimumVisualStudioVersion = 10.0.40219.1
Project("{FAE04EC0-301F-11D3-BF4B-00C04F79EFBC}") = "01. Persons", "01. Persons\01. Persons.csproj", "{BF719429-2335-46A0-A7F4-DA54A2914109}"
EndProject
Project("{FAE04EC0-301F-11D3-BF4B-00C04F79EFBC}") = "02. Salary", "02. Salary\02. Salary.csproj", "{3EBC2098-C52D-4369-A0F9-5C084C2F3239}"
EndProject
Global
	GlobalSection(SolutionConfigurationPlatforms) = preSolution
		Debug|Any CPU = Debug|Any CPU
		Release|Any CPU = Release|Any CPU
	EndGlobalSection
	GlobalSection(ProjectConfigurationPlatforms) = postSolution
		{BF719429-2335-46A0-A7F4-DA54A2914109}.Debug|Any CPU.ActiveCfg = Debug|Any CPU
		{BF719429-2335-46A0-A7F4-DA54A2914109}.Debug|Any CPU.Build.0 = Debug|Any CPU
		{BF719429-2335-46A0-A7F4-DA54A2914109}.Release|Any CPU.ActiveCfg = Release|Any CPU
		{BF719429-2335-46A0-A7F4-DA54A2914109}.Release|Any CPU.Build.0 = Release|Any CPU
		{3EBC2098-C52D-4369-A0F9-5C084C2F3239}.Debug|Any CPU.ActiveCfg = Debug|Any CPU
		{3EBC2098-C52D-4369-A0F9-5C084C2F3239}.Debug|Any CPU.Build.0 = Debug|Any CPU
		{3EBC2098-C52D-4369-A0F9-5C084C2F3239}.Release|Any CPU.ActiveCfg = Release|Any CPU
		{3EBC2098-C52D-4369-A0F9-5C084C2F3239}.Release|Any CPU.Build.0 = Release|Any CPU
	EndGlobalSection
	GlobalSection(SolutionProperties) = preSolution
		HideSolutionNode = FALSE
	EndGlobalSection
	GlobalSection(ExtensibilityGlobals) = postSolution
		SolutionGuid = {1A035052-C03A-4BEA-A3EA-5E129261BD38}
	EndGlobalSection
EndGlobal
