
Microsoft Visual Studio Solution File, Format Version 12.00
# Visual Studio Version 17
VisualStudioVersion = 17.1.32414.318
MinimumVisualStudioVersion = 10.0.40219.1
Project("{9A19103F-16F7-4668-BE54-9A1E7A4F7556}") = "StartUp", "01. Class Box Data\StartUp.csproj", "{ED967043-76A7-4AA3-A5E3-4BC2E5EC4110}"
EndProject
Project("{9A19103F-16F7-4668-BE54-9A1E7A4F7556}") = "Shoping spree", "Shoping spree\Shoping spree.csproj", "{7A4EED95-0391-4C0A-B070-AA55D52CDC65}"
EndProject
Project("{9A19103F-16F7-4668-BE54-9A1E7A4F7556}") = "Pizza Calories", "Pizza Calories\Pizza Calories.csproj", "{78BD36BF-D74E-4040-AC6B-F9CA8756D7AA}"
EndProject
Project("{9A19103F-16F7-4668-BE54-9A1E7A4F7556}") = "05. Football Team Generator", "05. Football Team Generator\05. Football Team Generator.csproj", "{DA4DA871-5C68-439C-8443-CD5C3468AB2C}"
EndProject
Global
	GlobalSection(SolutionConfigurationPlatforms) = preSolution
		Debug|Any CPU = Debug|Any CPU
		Release|Any CPU = Release|Any CPU
	EndGlobalSection
	GlobalSection(ProjectConfigurationPlatforms) = postSolution
		{ED967043-76A7-4AA3-A5E3-4BC2E5EC4110}.Debug|Any CPU.ActiveCfg = Debug|Any CPU
		{ED967043-76A7-4AA3-A5E3-4BC2E5EC4110}.Debug|Any CPU.Build.0 = Debug|Any CPU
		{ED967043-76A7-4AA3-A5E3-4BC2E5EC4110}.Release|Any CPU.ActiveCfg = Release|Any CPU
		{ED967043-76A7-4AA3-A5E3-4BC2E5EC4110}.Release|Any CPU.Build.0 = Release|Any CPU
		{7A4EED95-0391-4C0A-B070-AA55D52CDC65}.Debug|Any CPU.ActiveCfg = Debug|Any CPU
		{7A4EED95-0391-4C0A-B070-AA55D52CDC65}.Debug|Any CPU.Build.0 = Debug|Any CPU
		{7A4EED95-0391-4C0A-B070-AA55D52CDC65}.Release|Any CPU.ActiveCfg = Release|Any CPU
		{7A4EED95-0391-4C0A-B070-AA55D52CDC65}.Release|Any CPU.Build.0 = Release|Any CPU
		{78BD36BF-D74E-4040-AC6B-F9CA8756D7AA}.Debug|Any CPU.ActiveCfg = Debug|Any CPU
		{78BD36BF-D74E-4040-AC6B-F9CA8756D7AA}.Debug|Any CPU.Build.0 = Debug|Any CPU
		{78BD36BF-D74E-4040-AC6B-F9CA8756D7AA}.Release|Any CPU.ActiveCfg = Release|Any CPU
		{78BD36BF-D74E-4040-AC6B-F9CA8756D7AA}.Release|Any CPU.Build.0 = Release|Any CPU
		{DA4DA871-5C68-439C-8443-CD5C3468AB2C}.Debug|Any CPU.ActiveCfg = Debug|Any CPU
		{DA4DA871-5C68-439C-8443-CD5C3468AB2C}.Debug|Any CPU.Build.0 = Debug|Any CPU
		{DA4DA871-5C68-439C-8443-CD5C3468AB2C}.Release|Any CPU.ActiveCfg = Release|Any CPU
		{DA4DA871-5C68-439C-8443-CD5C3468AB2C}.Release|Any CPU.Build.0 = Release|Any CPU
	EndGlobalSection
	GlobalSection(SolutionProperties) = preSolution
		HideSolutionNode = FALSE
	EndGlobalSection
	GlobalSection(ExtensibilityGlobals) = postSolution
		SolutionGuid = {F513A158-6BA4-41EE-8596-404CB52DD5AD}
	EndGlobalSection
EndGlobal
