
Microsoft Visual Studio Solution File, Format Version 12.00
# Visual Studio Version 17
VisualStudioVersion = 17.1.32228.430
MinimumVisualStudioVersion = 10.0.40219.1
Project("{FAE04EC0-301F-11D3-BF4B-00C04F79EFBC}") = "01. Single Inheritance", "Farm\01. Single Inheritance.csproj", "{27A8681D-0F72-4120-982F-F479C4C07591}"
EndProject
Project("{FAE04EC0-301F-11D3-BF4B-00C04F79EFBC}") = "02. Multiple Inheritance", "02. Multiple Inheritance\02. Multiple Inheritance.csproj", "{7C3F470B-4E99-41D2-8A13-97B56BC75EC9}"
EndProject
Project("{FAE04EC0-301F-11D3-BF4B-00C04F79EFBC}") = "03. Hierarchical Inheritance", "03. Hierarchical Inheritance\03. Hierarchical Inheritance.csproj", "{E84D4E09-7906-4C74-B754-31A33B176D00}"
EndProject
Project("{FAE04EC0-301F-11D3-BF4B-00C04F79EFBC}") = "04. Random List", "04. Random List\04. Random List.csproj", "{5338A6A1-ADC7-4BD6-9D8A-91C53B82AD9D}"
EndProject
Project("{FAE04EC0-301F-11D3-BF4B-00C04F79EFBC}") = "05. Stack of Strings", "05. Stack of Strings\05. Stack of Strings.csproj", "{C08E3B87-0FDF-4F38-A491-F39C7B1B660A}"
EndProject
Global
	GlobalSection(SolutionConfigurationPlatforms) = preSolution
		Debug|Any CPU = Debug|Any CPU
		Release|Any CPU = Release|Any CPU
	EndGlobalSection
	GlobalSection(ProjectConfigurationPlatforms) = postSolution
		{27A8681D-0F72-4120-982F-F479C4C07591}.Debug|Any CPU.ActiveCfg = Debug|Any CPU
		{27A8681D-0F72-4120-982F-F479C4C07591}.Debug|Any CPU.Build.0 = Debug|Any CPU
		{27A8681D-0F72-4120-982F-F479C4C07591}.Release|Any CPU.ActiveCfg = Release|Any CPU
		{27A8681D-0F72-4120-982F-F479C4C07591}.Release|Any CPU.Build.0 = Release|Any CPU
		{7C3F470B-4E99-41D2-8A13-97B56BC75EC9}.Debug|Any CPU.ActiveCfg = Debug|Any CPU
		{7C3F470B-4E99-41D2-8A13-97B56BC75EC9}.Debug|Any CPU.Build.0 = Debug|Any CPU
		{7C3F470B-4E99-41D2-8A13-97B56BC75EC9}.Release|Any CPU.ActiveCfg = Release|Any CPU
		{7C3F470B-4E99-41D2-8A13-97B56BC75EC9}.Release|Any CPU.Build.0 = Release|Any CPU
		{E84D4E09-7906-4C74-B754-31A33B176D00}.Debug|Any CPU.ActiveCfg = Debug|Any CPU
		{E84D4E09-7906-4C74-B754-31A33B176D00}.Debug|Any CPU.Build.0 = Debug|Any CPU
		{E84D4E09-7906-4C74-B754-31A33B176D00}.Release|Any CPU.ActiveCfg = Release|Any CPU
		{E84D4E09-7906-4C74-B754-31A33B176D00}.Release|Any CPU.Build.0 = Release|Any CPU
		{5338A6A1-ADC7-4BD6-9D8A-91C53B82AD9D}.Debug|Any CPU.ActiveCfg = Debug|Any CPU
		{5338A6A1-ADC7-4BD6-9D8A-91C53B82AD9D}.Debug|Any CPU.Build.0 = Debug|Any CPU
		{5338A6A1-ADC7-4BD6-9D8A-91C53B82AD9D}.Release|Any CPU.ActiveCfg = Release|Any CPU
		{5338A6A1-ADC7-4BD6-9D8A-91C53B82AD9D}.Release|Any CPU.Build.0 = Release|Any CPU
		{C08E3B87-0FDF-4F38-A491-F39C7B1B660A}.Debug|Any CPU.ActiveCfg = Debug|Any CPU
		{C08E3B87-0FDF-4F38-A491-F39C7B1B660A}.Debug|Any CPU.Build.0 = Debug|Any CPU
		{C08E3B87-0FDF-4F38-A491-F39C7B1B660A}.Release|Any CPU.ActiveCfg = Release|Any CPU
		{C08E3B87-0FDF-4F38-A491-F39C7B1B660A}.Release|Any CPU.Build.0 = Release|Any CPU
	EndGlobalSection
	GlobalSection(SolutionProperties) = preSolution
		HideSolutionNode = FALSE
	EndGlobalSection
	GlobalSection(ExtensibilityGlobals) = postSolution
		SolutionGuid = {F1D97A88-E443-4F42-9CD8-A9F6640CD410}
	EndGlobalSection
EndGlobal
