
Microsoft Visual Studio Solution File, Format Version 12.00
# Visual Studio Version 17
VisualStudioVersion = 17.1.32414.318
MinimumVisualStudioVersion = 10.0.40219.1
Project("{FAE04EC0-301F-11D3-BF4B-00C04F79EFBC}") = "01. Shapes", "01. Shapes\01. Shapes.csproj", "{C38B9DBC-7697-41BC-8493-199C96B836DD}"
EndProject
Project("{FAE04EC0-301F-11D3-BF4B-00C04F79EFBC}") = "02. Cars", "02. Cars\02. Cars.csproj", "{71F875BC-D5AB-4F2F-9C4C-E589928B6167}"
EndProject
Global
	GlobalSection(SolutionConfigurationPlatforms) = preSolution
		Debug|Any CPU = Debug|Any CPU
		Release|Any CPU = Release|Any CPU
	EndGlobalSection
	GlobalSection(ProjectConfigurationPlatforms) = postSolution
		{C38B9DBC-7697-41BC-8493-199C96B836DD}.Debug|Any CPU.ActiveCfg = Debug|Any CPU
		{C38B9DBC-7697-41BC-8493-199C96B836DD}.Debug|Any CPU.Build.0 = Debug|Any CPU
		{C38B9DBC-7697-41BC-8493-199C96B836DD}.Release|Any CPU.ActiveCfg = Release|Any CPU
		{C38B9DBC-7697-41BC-8493-199C96B836DD}.Release|Any CPU.Build.0 = Release|Any CPU
		{71F875BC-D5AB-4F2F-9C4C-E589928B6167}.Debug|Any CPU.ActiveCfg = Debug|Any CPU
		{71F875BC-D5AB-4F2F-9C4C-E589928B6167}.Debug|Any CPU.Build.0 = Debug|Any CPU
		{71F875BC-D5AB-4F2F-9C4C-E589928B6167}.Release|Any CPU.ActiveCfg = Release|Any CPU
		{71F875BC-D5AB-4F2F-9C4C-E589928B6167}.Release|Any CPU.Build.0 = Release|Any CPU
	EndGlobalSection
	GlobalSection(SolutionProperties) = preSolution
		HideSolutionNode = FALSE
	EndGlobalSection
	GlobalSection(ExtensibilityGlobals) = postSolution
		SolutionGuid = {372BBE08-E497-4E2B-84B0-6344888D70A1}
	EndGlobalSection
EndGlobal
